
Microsoft Visual Studio Solution File, Format Version 12.00
# Visual Studio Version 16
VisualStudioVersion = 16.0.29609.76
MinimumVisualStudioVersion = 10.0.40219.1
Project("{9A19103F-16F7-4668-BE54-9A1E7A4F7556}") = "DataPipeline.Net.Web", "DataPipeline.Net.Web\DataPipeline.Net.Web.csproj", "{D3C30D30-A28F-466C-9E07-A97F63E475EE}"
EndProject
Project("{9A19103F-16F7-4668-BE54-9A1E7A4F7556}") = "DataPipeline.Net.Api", "DataPipeline.Net.Api\DataPipeline.Net.Api.csproj", "{FB24DBD4-9296-46CE-90FA-27297E8A4417}"
EndProject
Project("{9A19103F-16F7-4668-BE54-9A1E7A4F7556}") = "DataPipeline.Net.Core", "DataPipeline.Net.Core\DataPipeline.Net.Core.csproj", "{78215685-FDCB-4AAB-BBA1-F0385394129D}"
EndProject
Project("{FAE04EC0-301F-11D3-BF4B-00C04F79EFBC}") = "DataPipelineNetConsole", "DataPipelineNetConsole\DataPipelineNetConsole.csproj", "{61317300-0641-4DEB-AC92-B8CBD5FEB4A5}"
EndProject
Global
	GlobalSection(SolutionConfigurationPlatforms) = preSolution
		Debug|Any CPU = Debug|Any CPU
		Release|Any CPU = Release|Any CPU
	EndGlobalSection
	GlobalSection(ProjectConfigurationPlatforms) = postSolution
		{D3C30D30-A28F-466C-9E07-A97F63E475EE}.Debug|Any CPU.ActiveCfg = Debug|Any CPU
		{D3C30D30-A28F-466C-9E07-A97F63E475EE}.Debug|Any CPU.Build.0 = Debug|Any CPU
		{D3C30D30-A28F-466C-9E07-A97F63E475EE}.Release|Any CPU.ActiveCfg = Release|Any CPU
		{D3C30D30-A28F-466C-9E07-A97F63E475EE}.Release|Any CPU.Build.0 = Release|Any CPU
		{FB24DBD4-9296-46CE-90FA-27297E8A4417}.Debug|Any CPU.ActiveCfg = Debug|Any CPU
		{FB24DBD4-9296-46CE-90FA-27297E8A4417}.Debug|Any CPU.Build.0 = Debug|Any CPU
		{FB24DBD4-9296-46CE-90FA-27297E8A4417}.Release|Any CPU.ActiveCfg = Release|Any CPU
		{FB24DBD4-9296-46CE-90FA-27297E8A4417}.Release|Any CPU.Build.0 = Release|Any CPU
		{78215685-FDCB-4AAB-BBA1-F0385394129D}.Debug|Any CPU.ActiveCfg = Debug|Any CPU
		{78215685-FDCB-4AAB-BBA1-F0385394129D}.Debug|Any CPU.Build.0 = Debug|Any CPU
		{78215685-FDCB-4AAB-BBA1-F0385394129D}.Release|Any CPU.ActiveCfg = Release|Any CPU
		{78215685-FDCB-4AAB-BBA1-F0385394129D}.Release|Any CPU.Build.0 = Release|Any CPU
		{61317300-0641-4DEB-AC92-B8CBD5FEB4A5}.Debug|Any CPU.ActiveCfg = Debug|Any CPU
		{61317300-0641-4DEB-AC92-B8CBD5FEB4A5}.Debug|Any CPU.Build.0 = Debug|Any CPU
		{61317300-0641-4DEB-AC92-B8CBD5FEB4A5}.Release|Any CPU.ActiveCfg = Release|Any CPU
		{61317300-0641-4DEB-AC92-B8CBD5FEB4A5}.Release|Any CPU.Build.0 = Release|Any CPU
	EndGlobalSection
	GlobalSection(SolutionProperties) = preSolution
		HideSolutionNode = FALSE
	EndGlobalSection
	GlobalSection(ExtensibilityGlobals) = postSolution
		SolutionGuid = {D07A1299-5175-4BF3-9C6B-0EAFE55745D1}
	EndGlobalSection
EndGlobal
